
Microsoft Visual Studio Solution File, Format Version 12.00
Project("{FAE04EC0-301F-11D3-BF4B-00C04F79EFBC}") = "exercise8", "exercise8\exercise8.csproj", "{3BBCBAD3-0144-4165-8726-644AB8E10282}"
EndProject
Global
	GlobalSection(SolutionConfigurationPlatforms) = preSolution
		Debug|Any CPU = Debug|Any CPU
		Release|Any CPU = Release|Any CPU
	EndGlobalSection
	GlobalSection(ProjectConfigurationPlatforms) = postSolution
		{3BBCBAD3-0144-4165-8726-644AB8E10282}.Debug|Any CPU.ActiveCfg = Debug|Any CPU
		{3BBCBAD3-0144-4165-8726-644AB8E10282}.Debug|Any CPU.Build.0 = Debug|Any CPU
		{3BBCBAD3-0144-4165-8726-644AB8E10282}.Release|Any CPU.ActiveCfg = Release|Any CPU
		{3BBCBAD3-0144-4165-8726-644AB8E10282}.Release|Any CPU.Build.0 = Release|Any CPU
	EndGlobalSection
EndGlobal
